{
    "name": "chat-frontend",
    "version": "1.0.0",
    "lockfileVersion": 2,
    "dependencies": {
      "react": {
        "version": "18.2.0",
        "resolved": "https://registry.npmjs.org/react/-/react-18.2.0.tgz",
        "integrity": "sha512-njxOeBYIhZnXfBmdZjT9vHTFfQ9pYRmHFkhzNl1W8m9hfAaFfFLOQ2ck1qYhffyBVV9d7aPb6dGr+nD7l0LsFQ=="
      },
      "react-dom": {
        "version": "18.2.0",
        "resolved": "https://registry.npmjs.org/react-dom/-/react-dom-18.2.0.tgz",
        "integrity": "sha512-sKhZKLY6gOwPZnmg4gFJd70zfzQGG6rkxHWxxVjgmDSbftuYjlsfzMcT5OUecf8F+V00lFkht2d9juzRITqF4w=="
      },
      "tailwindcss": {
        "version": "^3.0.0",
        "resolved": "https://registry.npmjs.org/tailwindcss/-/tailwindcss-3.0.0.tgz",
        "integrity": "sha512-A42uMKwM3Pt1DkG9V2Q7vEF2q2nPtF1cIux1S5p9jVhCGH2yYLO1/sNOr7WtcHzCB6zJ52bBy19tvBoOvhYO4Q=="
      },
      "postcss": {
        "version": "^8.4.0",
        "resolved": "https://registry.npmjs.org/postcss/-/postcss-8.4.0.tgz",
        "integrity": "sha512-0uZPBH02sJ9V6g/WADbaTfbnFpd0vTTNBz/T0zwTx7HiwY9K6APe44C+G9lESfhj/POS3bx6pTRacBmmvhPOww=="
      },
      "autoprefixer": {
        "version": "^10.4.0",
        "resolved": "https://registry.npmjs.org/autoprefixer/-/autoprefixer-10.4.0.tgz",
        "integrity": "sha512-kRbd+LVZGybQt0VwhgQZAHcRvb7RbLXz4H7AxkhzzLsIzDGTgmX7wCCgK7RYt3AsGi6rTpXtFq9zv9FljJ2bww=="
      }
    }
  }
  